<?xml version="1.0" encoding="utf-8"?>
<Project xmlns="http://schemas.microsoft.com/developer/msbuild/2003">
  <ItemGroup>
    <Filter Include="Source Files">
      <Extensions>cpp;c;cc;cxx;def;odl;idl;hpj;bat;asm;asmx</Extensions>
    </Filter>
    <Filter Include="Resource Files">
      <Extensions>rc;ico;cur;bmp;dlg;rc2;rct;bin;rgs;gif;jpg;jpeg;jpe;resx;tiff;tif;png;wav;mfcribbon-ms</Extensions>
    </Filter>
    <Filter Include="codegiraffe">
      <Extensions>h;hh;hpp;hxx;hm;inl;inc;xsd</Extensions>
    </Filter>
  </ItemGroup>
  <ItemGroup>
    <ClInclude Include="agent.h">
      <Filter>Source Files</Filter>
    </ClInclude>
    <ClInclude Include="bullet.h">
      <Filter>Source Files</Filter>
    </ClInclude>
    <ClInclude Include="game.h">
      <Filter>Source Files</Filter>
    </ClInclude>
    <ClInclude Include="obstacles.h">
      <Filter>Source Files</Filter>
    </ClInclude>
    <ClInclude Include="steering.h">
      <Filter>Source Files</Filter>
    </ClInclude>
    <ClInclude Include="codegiraffe\aabb.h">
      <Filter>codegiraffe</Filter>
    </ClInclude>
    <ClInclude Include="codegiraffe\box.h">
      <Filter>codegiraffe</Filter>
    </ClInclude>
    <ClInclude Include="codegiraffe\circle.h">
      <Filter>codegiraffe</Filter>
    </ClInclude>
    <ClInclude Include="codegiraffe\glutrenderingcontext.h">
      <Filter>codegiraffe</Filter>
    </ClInclude>
    <ClInclude Include="codegiraffe\random.h">
      <Filter>codegiraffe</Filter>
    </ClInclude>
    <ClInclude Include="codegiraffe\templatearray.h">
      <Filter>codegiraffe</Filter>
    </ClInclude>
    <ClInclude Include="codegiraffe\templatevector.h">
      <Filter>codegiraffe</Filter>
    </ClInclude>
    <ClInclude Include="codegiraffe\v2.h">
      <Filter>codegiraffe</Filter>
    </ClInclude>
    <ClInclude Include="fsm.h">
      <Filter>Source Files</Filter>
    </ClInclude>
    <ClInclude Include="fsm_fleebullets.h">
      <Filter>Source Files</Filter>
    </ClInclude>
    <ClInclude Include="fsm_followagent.h">
      <Filter>Source Files</Filter>
    </ClInclude>
    <ClInclude Include="fsm_hide.h">
      <Filter>Source Files</Filter>
    </ClInclude>
    <ClInclude Include="fsm_idle.h">
      <Filter>Source Files</Filter>
    </ClInclude>
    <ClInclude Include="fsm_wander.h">
      <Filter>Source Files</Filter>
    </ClInclude>
    <ClInclude Include="graph.h">
      <Filter>Source Files</Filter>
    </ClInclude>
    <ClInclude Include="mazegen.h">
      <Filter>Source Files</Filter>
    </ClInclude>
    <ClInclude Include="codegiraffe\cone.h">
      <Filter>codegiraffe</Filter>
    </ClInclude>
    <ClInclude Include="codegiraffe\templatehashmap.h">
      <Filter>codegiraffe</Filter>
    </ClInclude>
    <ClInclude Include="astar.h">
      <Filter>Source Files</Filter>
    </ClInclude>
    <ClInclude Include="codegiraffe\polygon.h">
      <Filter>codegiraffe</Filter>
    </ClInclude>
    <ClInclude Include="delauny.h">
      <Filter>Source Files</Filter>
    </ClInclude>
    <ClInclude Include="codegiraffe\templatevectorlist.h">
      <Filter>codegiraffe</Filter>
    </ClInclude>
    <ClInclude Include="codegiraffe\templateset.h">
      <Filter>codegiraffe</Filter>
    </ClInclude>
    <ClInclude Include="fsm_alignment.h">
      <Filter>Source Files</Filter>
    </ClInclude>
    <ClInclude Include="fsm_cohesion.h">
      <Filter>Source Files</Filter>
    </ClInclude>
    <ClInclude Include="fsm_separation.h">
      <Filter>Source Files</Filter>
    </ClInclude>
  </ItemGroup>
  <ItemGroup>
    <ClCompile Include="main.cpp">
      <Filter>Source Files</Filter>
    </ClCompile>
    <ClCompile Include="obstacles.cpp">
      <Filter>Source Files</Filter>
    </ClCompile>
    <ClCompile Include="steering.cpp">
      <Filter>Source Files</Filter>
    </ClCompile>
    <ClCompile Include="codegiraffe\circle.cpp">
      <Filter>codegiraffe</Filter>
    </ClCompile>
    <ClCompile Include="codegiraffe\glutrenderingcontext.cpp">
      <Filter>codegiraffe</Filter>
    </ClCompile>
    <ClCompile Include="codegiraffe\random.cpp">
      <Filter>codegiraffe</Filter>
    </ClCompile>
    <ClCompile Include="agent.cpp">
      <Filter>Source Files</Filter>
    </ClCompile>
    <ClCompile Include="fsm_fleebullets.cpp">
      <Filter>Source Files</Filter>
    </ClCompile>
    <ClCompile Include="fsm_followagent.cpp">
      <Filter>Source Files</Filter>
    </ClCompile>
    <ClCompile Include="fsm_hide.cpp">
      <Filter>Source Files</Filter>
    </ClCompile>
    <ClCompile Include="fsm_idle.cpp">
      <Filter>Source Files</Filter>
    </ClCompile>
    <ClCompile Include="fsm_wander.cpp">
      <Filter>Source Files</Filter>
    </ClCompile>
    <ClCompile Include="fsm_alignment.cpp">
      <Filter>Source Files</Filter>
    </ClCompile>
    <ClCompile Include="fsm_cohesion.cpp">
      <Filter>Source Files</Filter>
    </ClCompile>
    <ClCompile Include="fsm_separation.cpp">
      <Filter>Source Files</Filter>
    </ClCompile>
  </ItemGroup>
</Project>